
Microsoft Visual Studio Solution File, Format Version 12.00
Project("{FAE04EC0-301F-11D3-BF4B-00C04F79EFBC}") = "Dalog.Foundation.BackgroundServices", "Dalog.Foundation.BackgroundServices\Dalog.Foundation.BackgroundServices.csproj", "{8704AFD6-0A96-4988-B0EB-7A3F9E253AF0}"
EndProject
Project("{2150E333-8FDC-42A3-9474-1A3956D46DE8}") = "Test", "Test", "{BA43799A-7BAE-4849-B13E-40EEC19E1715}"
EndProject
Project("{FAE04EC0-301F-11D3-BF4B-00C04F79EFBC}") = "Dalog.Foundation.BackgroundServicesTests", "..\test\Dalog.Foundation.BackgroundServicesTests\Dalog.Foundation.BackgroundServicesTests.csproj", "{7E2ACDD9-3789-48B2-BD03-FDC17439EB42}"
EndProject
Global
	GlobalSection(SolutionConfigurationPlatforms) = preSolution
		Debug|Any CPU = Debug|Any CPU
		Release|Any CPU = Release|Any CPU
	EndGlobalSection
	GlobalSection(ProjectConfigurationPlatforms) = postSolution
		{8704AFD6-0A96-4988-B0EB-7A3F9E253AF0}.Debug|Any CPU.ActiveCfg = Debug|Any CPU
		{8704AFD6-0A96-4988-B0EB-7A3F9E253AF0}.Debug|Any CPU.Build.0 = Debug|Any CPU
		{8704AFD6-0A96-4988-B0EB-7A3F9E253AF0}.Release|Any CPU.ActiveCfg = Release|Any CPU
		{8704AFD6-0A96-4988-B0EB-7A3F9E253AF0}.Release|Any CPU.Build.0 = Release|Any CPU
		{7E2ACDD9-3789-48B2-BD03-FDC17439EB42}.Debug|Any CPU.ActiveCfg = Debug|Any CPU
		{7E2ACDD9-3789-48B2-BD03-FDC17439EB42}.Debug|Any CPU.Build.0 = Debug|Any CPU
		{7E2ACDD9-3789-48B2-BD03-FDC17439EB42}.Release|Any CPU.ActiveCfg = Release|Any CPU
		{7E2ACDD9-3789-48B2-BD03-FDC17439EB42}.Release|Any CPU.Build.0 = Release|Any CPU
	EndGlobalSection
	GlobalSection(NestedProjects) = preSolution
		{7E2ACDD9-3789-48B2-BD03-FDC17439EB42} = {BA43799A-7BAE-4849-B13E-40EEC19E1715}
	EndGlobalSection
EndGlobal
